
Microsoft Visual Studio Solution File, Format Version 12.00
# Visual Studio Version 17
VisualStudioVersion = 17.10.35013.160
MinimumVisualStudioVersion = 10.0.40219.1
Project("{8BC9CEB8-8B4A-11D0-8D11-00A0C91BC942}") = "datetime", "datetime\datetime.vcxproj", "{E9A53B3F-846A-4A40-9FE1-F1A4E0E85B13}"
EndProject
Project("{8BC9CEB8-8B4A-11D0-8D11-00A0C91BC942}") = "scrctl", "scrctl\closescreen.vcxproj", "{61F7CC82-4324-4AEC-A890-1BA63C95A8C4}"
EndProject
Project("{8BC9CEB8-8B4A-11D0-8D11-00A0C91BC942}") = "sleep", "sleep\sleep.vcxproj", "{1E85131D-A9F1-44F9-AF11-0748678D3B45}"
EndProject
Project("{8BC9CEB8-8B4A-11D0-8D11-00A0C91BC942}") = "null", "null\null.vcxproj", "{B99E895A-9E95-4C5D-B42B-2055305A789F}"
EndProject
Project("{2150E333-8FDC-42A3-9474-1A3956D46DE8}") = "Solution Items", "Solution Items", "{4D6A56B2-C017-4867-BF22-3F9900170C7B}"
	ProjectSection(SolutionItems) = preProject
		.gitignore = .gitignore
		LICENSE = LICENSE
		README.md = README.md
	EndProjectSection
EndProject
Project("{8BC9CEB8-8B4A-11D0-8D11-00A0C91BC942}") = "repstr", "repstr\repstr.vcxproj", "{1EC105D1-F274-4566-B6FD-5E00F3DBF082}"
EndProject
Project("{8BC9CEB8-8B4A-11D0-8D11-00A0C91BC942}") = "reflex", "reflex\reflex.vcxproj", "{F71F5BE9-0B45-44B3-812C-589DFB6FD298}"
EndProject
Project("{8BC9CEB8-8B4A-11D0-8D11-00A0C91BC942}") = "tspwd", "tspwd\tspwd.vcxproj", "{DF835D89-16A7-4067-ADBB-62458E259442}"
EndProject
Project("{8BC9CEB8-8B4A-11D0-8D11-00A0C91BC942}") = "pwgen", "pwgen\pwgen.vcxproj", "{C286BAA2-D78C-4433-A055-1D196022D906}"
EndProject
Project("{8BC9CEB8-8B4A-11D0-8D11-00A0C91BC942}") = "tee", "tee\tee.vcxproj", "{10361300-3B2E-4AEE-B0BC-0A29865D934B}"
EndProject
Project("{8BC9CEB8-8B4A-11D0-8D11-00A0C91BC942}") = "chkascii", "chkascii\chkascii.vcxproj", "{3A824334-7B5E-4238-AB12-42DF9F17485C}"
EndProject
Project("{FAE04EC0-301F-11D3-BF4B-00C04F79EFBC}") = "PathEd", "path\PathEd\PathEd.csproj", "{7FAA6495-170F-46E5-9B28-28D39BA7F7E3}"
EndProject
Project("{8BC9CEB8-8B4A-11D0-8D11-00A0C91BC942}") = "serialcd", "serialcd\serialcd.vcxproj", "{C54C2C1A-0773-4B7E-B16A-86B284CF83F6}"
EndProject
Global
	GlobalSection(SolutionConfigurationPlatforms) = preSolution
		Debug|ARM = Debug|ARM
		Debug|ARM64 = Debug|ARM64
		Debug|x64 = Debug|x64
		Debug|x86 = Debug|x86
		Release|ARM = Release|ARM
		Release|ARM64 = Release|ARM64
		Release|x64 = Release|x64
		Release|x86 = Release|x86
	EndGlobalSection
	GlobalSection(ProjectConfigurationPlatforms) = postSolution
		{E9A53B3F-846A-4A40-9FE1-F1A4E0E85B13}.Debug|ARM.ActiveCfg = Debug|ARM
		{E9A53B3F-846A-4A40-9FE1-F1A4E0E85B13}.Debug|ARM.Build.0 = Debug|ARM
		{E9A53B3F-846A-4A40-9FE1-F1A4E0E85B13}.Debug|ARM64.ActiveCfg = Debug|ARM64
		{E9A53B3F-846A-4A40-9FE1-F1A4E0E85B13}.Debug|ARM64.Build.0 = Debug|ARM64
		{E9A53B3F-846A-4A40-9FE1-F1A4E0E85B13}.Debug|x64.ActiveCfg = Debug|x64
		{E9A53B3F-846A-4A40-9FE1-F1A4E0E85B13}.Debug|x64.Build.0 = Debug|x64
		{E9A53B3F-846A-4A40-9FE1-F1A4E0E85B13}.Debug|x86.ActiveCfg = Debug|Win32
		{E9A53B3F-846A-4A40-9FE1-F1A4E0E85B13}.Debug|x86.Build.0 = Debug|Win32
		{E9A53B3F-846A-4A40-9FE1-F1A4E0E85B13}.Release|ARM.ActiveCfg = Release|ARM
		{E9A53B3F-846A-4A40-9FE1-F1A4E0E85B13}.Release|ARM.Build.0 = Release|ARM
		{E9A53B3F-846A-4A40-9FE1-F1A4E0E85B13}.Release|ARM64.ActiveCfg = Release|ARM64
		{E9A53B3F-846A-4A40-9FE1-F1A4E0E85B13}.Release|ARM64.Build.0 = Release|ARM64
		{E9A53B3F-846A-4A40-9FE1-F1A4E0E85B13}.Release|x64.ActiveCfg = Release|x64
		{E9A53B3F-846A-4A40-9FE1-F1A4E0E85B13}.Release|x64.Build.0 = Release|x64
		{E9A53B3F-846A-4A40-9FE1-F1A4E0E85B13}.Release|x86.ActiveCfg = Release|Win32
		{E9A53B3F-846A-4A40-9FE1-F1A4E0E85B13}.Release|x86.Build.0 = Release|Win32
		{61F7CC82-4324-4AEC-A890-1BA63C95A8C4}.Debug|ARM.ActiveCfg = Debug|ARM
		{61F7CC82-4324-4AEC-A890-1BA63C95A8C4}.Debug|ARM.Build.0 = Debug|ARM
		{61F7CC82-4324-4AEC-A890-1BA63C95A8C4}.Debug|ARM64.ActiveCfg = Debug|ARM64
		{61F7CC82-4324-4AEC-A890-1BA63C95A8C4}.Debug|ARM64.Build.0 = Debug|ARM64
		{61F7CC82-4324-4AEC-A890-1BA63C95A8C4}.Debug|x64.ActiveCfg = Debug|x64
		{61F7CC82-4324-4AEC-A890-1BA63C95A8C4}.Debug|x64.Build.0 = Debug|x64
		{61F7CC82-4324-4AEC-A890-1BA63C95A8C4}.Debug|x86.ActiveCfg = Debug|Win32
		{61F7CC82-4324-4AEC-A890-1BA63C95A8C4}.Debug|x86.Build.0 = Debug|Win32
		{61F7CC82-4324-4AEC-A890-1BA63C95A8C4}.Release|ARM.ActiveCfg = Release|ARM
		{61F7CC82-4324-4AEC-A890-1BA63C95A8C4}.Release|ARM.Build.0 = Release|ARM
		{61F7CC82-4324-4AEC-A890-1BA63C95A8C4}.Release|ARM64.ActiveCfg = Release|ARM64
		{61F7CC82-4324-4AEC-A890-1BA63C95A8C4}.Release|ARM64.Build.0 = Release|ARM64
		{61F7CC82-4324-4AEC-A890-1BA63C95A8C4}.Release|x64.ActiveCfg = Release|x64
		{61F7CC82-4324-4AEC-A890-1BA63C95A8C4}.Release|x64.Build.0 = Release|x64
		{61F7CC82-4324-4AEC-A890-1BA63C95A8C4}.Release|x86.ActiveCfg = Release|Win32
		{61F7CC82-4324-4AEC-A890-1BA63C95A8C4}.Release|x86.Build.0 = Release|Win32
		{1E85131D-A9F1-44F9-AF11-0748678D3B45}.Debug|ARM.ActiveCfg = Debug|ARM
		{1E85131D-A9F1-44F9-AF11-0748678D3B45}.Debug|ARM.Build.0 = Debug|ARM
		{1E85131D-A9F1-44F9-AF11-0748678D3B45}.Debug|ARM64.ActiveCfg = Debug|ARM64
		{1E85131D-A9F1-44F9-AF11-0748678D3B45}.Debug|ARM64.Build.0 = Debug|ARM64
		{1E85131D-A9F1-44F9-AF11-0748678D3B45}.Debug|x64.ActiveCfg = Debug|x64
		{1E85131D-A9F1-44F9-AF11-0748678D3B45}.Debug|x64.Build.0 = Debug|x64
		{1E85131D-A9F1-44F9-AF11-0748678D3B45}.Debug|x86.ActiveCfg = Debug|Win32
		{1E85131D-A9F1-44F9-AF11-0748678D3B45}.Debug|x86.Build.0 = Debug|Win32
		{1E85131D-A9F1-44F9-AF11-0748678D3B45}.Release|ARM.ActiveCfg = Release|ARM
		{1E85131D-A9F1-44F9-AF11-0748678D3B45}.Release|ARM.Build.0 = Release|ARM
		{1E85131D-A9F1-44F9-AF11-0748678D3B45}.Release|ARM64.ActiveCfg = Release|ARM64
		{1E85131D-A9F1-44F9-AF11-0748678D3B45}.Release|ARM64.Build.0 = Release|ARM64
		{1E85131D-A9F1-44F9-AF11-0748678D3B45}.Release|x64.ActiveCfg = Release|x64
		{1E85131D-A9F1-44F9-AF11-0748678D3B45}.Release|x64.Build.0 = Release|x64
		{1E85131D-A9F1-44F9-AF11-0748678D3B45}.Release|x86.ActiveCfg = Release|Win32
		{1E85131D-A9F1-44F9-AF11-0748678D3B45}.Release|x86.Build.0 = Release|Win32
		{B99E895A-9E95-4C5D-B42B-2055305A789F}.Debug|ARM.ActiveCfg = Debug|ARM
		{B99E895A-9E95-4C5D-B42B-2055305A789F}.Debug|ARM.Build.0 = Debug|ARM
		{B99E895A-9E95-4C5D-B42B-2055305A789F}.Debug|ARM64.ActiveCfg = Debug|ARM64
		{B99E895A-9E95-4C5D-B42B-2055305A789F}.Debug|ARM64.Build.0 = Debug|ARM64
		{B99E895A-9E95-4C5D-B42B-2055305A789F}.Debug|x64.ActiveCfg = Debug|x64
		{B99E895A-9E95-4C5D-B42B-2055305A789F}.Debug|x64.Build.0 = Debug|x64
		{B99E895A-9E95-4C5D-B42B-2055305A789F}.Debug|x86.ActiveCfg = Debug|Win32
		{B99E895A-9E95-4C5D-B42B-2055305A789F}.Debug|x86.Build.0 = Debug|Win32
		{B99E895A-9E95-4C5D-B42B-2055305A789F}.Release|ARM.ActiveCfg = Release|ARM
		{B99E895A-9E95-4C5D-B42B-2055305A789F}.Release|ARM.Build.0 = Release|ARM
		{B99E895A-9E95-4C5D-B42B-2055305A789F}.Release|ARM64.ActiveCfg = Release|ARM64
		{B99E895A-9E95-4C5D-B42B-2055305A789F}.Release|ARM64.Build.0 = Release|ARM64
		{B99E895A-9E95-4C5D-B42B-2055305A789F}.Release|x64.ActiveCfg = Release|x64
		{B99E895A-9E95-4C5D-B42B-2055305A789F}.Release|x64.Build.0 = Release|x64
		{B99E895A-9E95-4C5D-B42B-2055305A789F}.Release|x86.ActiveCfg = Release|Win32
		{B99E895A-9E95-4C5D-B42B-2055305A789F}.Release|x86.Build.0 = Release|Win32
		{1EC105D1-F274-4566-B6FD-5E00F3DBF082}.Debug|ARM.ActiveCfg = Debug|ARM
		{1EC105D1-F274-4566-B6FD-5E00F3DBF082}.Debug|ARM.Build.0 = Debug|ARM
		{1EC105D1-F274-4566-B6FD-5E00F3DBF082}.Debug|ARM64.ActiveCfg = Debug|ARM64
		{1EC105D1-F274-4566-B6FD-5E00F3DBF082}.Debug|ARM64.Build.0 = Debug|ARM64
		{1EC105D1-F274-4566-B6FD-5E00F3DBF082}.Debug|x64.ActiveCfg = Debug|x64
		{1EC105D1-F274-4566-B6FD-5E00F3DBF082}.Debug|x64.Build.0 = Debug|x64
		{1EC105D1-F274-4566-B6FD-5E00F3DBF082}.Debug|x86.ActiveCfg = Debug|Win32
		{1EC105D1-F274-4566-B6FD-5E00F3DBF082}.Debug|x86.Build.0 = Debug|Win32
		{1EC105D1-F274-4566-B6FD-5E00F3DBF082}.Release|ARM.ActiveCfg = Release|ARM
		{1EC105D1-F274-4566-B6FD-5E00F3DBF082}.Release|ARM.Build.0 = Release|ARM
		{1EC105D1-F274-4566-B6FD-5E00F3DBF082}.Release|ARM64.ActiveCfg = Release|ARM64
		{1EC105D1-F274-4566-B6FD-5E00F3DBF082}.Release|ARM64.Build.0 = Release|ARM64
		{1EC105D1-F274-4566-B6FD-5E00F3DBF082}.Release|x64.ActiveCfg = Release|x64
		{1EC105D1-F274-4566-B6FD-5E00F3DBF082}.Release|x64.Build.0 = Release|x64
		{1EC105D1-F274-4566-B6FD-5E00F3DBF082}.Release|x86.ActiveCfg = Release|Win32
		{1EC105D1-F274-4566-B6FD-5E00F3DBF082}.Release|x86.Build.0 = Release|Win32
		{F71F5BE9-0B45-44B3-812C-589DFB6FD298}.Debug|ARM.ActiveCfg = Debug|ARM
		{F71F5BE9-0B45-44B3-812C-589DFB6FD298}.Debug|ARM.Build.0 = Debug|ARM
		{F71F5BE9-0B45-44B3-812C-589DFB6FD298}.Debug|ARM64.ActiveCfg = Debug|ARM64
		{F71F5BE9-0B45-44B3-812C-589DFB6FD298}.Debug|ARM64.Build.0 = Debug|ARM64
		{F71F5BE9-0B45-44B3-812C-589DFB6FD298}.Debug|x64.ActiveCfg = Debug|x64
		{F71F5BE9-0B45-44B3-812C-589DFB6FD298}.Debug|x64.Build.0 = Debug|x64
		{F71F5BE9-0B45-44B3-812C-589DFB6FD298}.Debug|x86.ActiveCfg = Debug|Win32
		{F71F5BE9-0B45-44B3-812C-589DFB6FD298}.Debug|x86.Build.0 = Debug|Win32
		{F71F5BE9-0B45-44B3-812C-589DFB6FD298}.Release|ARM.ActiveCfg = Release|ARM
		{F71F5BE9-0B45-44B3-812C-589DFB6FD298}.Release|ARM.Build.0 = Release|ARM
		{F71F5BE9-0B45-44B3-812C-589DFB6FD298}.Release|ARM64.ActiveCfg = Release|ARM64
		{F71F5BE9-0B45-44B3-812C-589DFB6FD298}.Release|ARM64.Build.0 = Release|ARM64
		{F71F5BE9-0B45-44B3-812C-589DFB6FD298}.Release|x64.ActiveCfg = Release|x64
		{F71F5BE9-0B45-44B3-812C-589DFB6FD298}.Release|x64.Build.0 = Release|x64
		{F71F5BE9-0B45-44B3-812C-589DFB6FD298}.Release|x86.ActiveCfg = Release|Win32
		{F71F5BE9-0B45-44B3-812C-589DFB6FD298}.Release|x86.Build.0 = Release|Win32
		{DF835D89-16A7-4067-ADBB-62458E259442}.Debug|ARM.ActiveCfg = Debug|ARM
		{DF835D89-16A7-4067-ADBB-62458E259442}.Debug|ARM.Build.0 = Debug|ARM
		{DF835D89-16A7-4067-ADBB-62458E259442}.Debug|ARM64.ActiveCfg = Debug|ARM64
		{DF835D89-16A7-4067-ADBB-62458E259442}.Debug|ARM64.Build.0 = Debug|ARM64
		{DF835D89-16A7-4067-ADBB-62458E259442}.Debug|x64.ActiveCfg = Debug|x64
		{DF835D89-16A7-4067-ADBB-62458E259442}.Debug|x64.Build.0 = Debug|x64
		{DF835D89-16A7-4067-ADBB-62458E259442}.Debug|x86.ActiveCfg = Debug|Win32
		{DF835D89-16A7-4067-ADBB-62458E259442}.Debug|x86.Build.0 = Debug|Win32
		{DF835D89-16A7-4067-ADBB-62458E259442}.Release|ARM.ActiveCfg = Release|ARM
		{DF835D89-16A7-4067-ADBB-62458E259442}.Release|ARM.Build.0 = Release|ARM
		{DF835D89-16A7-4067-ADBB-62458E259442}.Release|ARM64.ActiveCfg = Release|ARM64
		{DF835D89-16A7-4067-ADBB-62458E259442}.Release|ARM64.Build.0 = Release|ARM64
		{DF835D89-16A7-4067-ADBB-62458E259442}.Release|x64.ActiveCfg = Release|x64
		{DF835D89-16A7-4067-ADBB-62458E259442}.Release|x64.Build.0 = Release|x64
		{DF835D89-16A7-4067-ADBB-62458E259442}.Release|x86.ActiveCfg = Release|Win32
		{DF835D89-16A7-4067-ADBB-62458E259442}.Release|x86.Build.0 = Release|Win32
		{C286BAA2-D78C-4433-A055-1D196022D906}.Debug|ARM.ActiveCfg = Debug|ARM
		{C286BAA2-D78C-4433-A055-1D196022D906}.Debug|ARM.Build.0 = Debug|ARM
		{C286BAA2-D78C-4433-A055-1D196022D906}.Debug|ARM64.ActiveCfg = Debug|ARM64
		{C286BAA2-D78C-4433-A055-1D196022D906}.Debug|ARM64.Build.0 = Debug|ARM64
		{C286BAA2-D78C-4433-A055-1D196022D906}.Debug|x64.ActiveCfg = Debug|x64
		{C286BAA2-D78C-4433-A055-1D196022D906}.Debug|x64.Build.0 = Debug|x64
		{C286BAA2-D78C-4433-A055-1D196022D906}.Debug|x86.ActiveCfg = Debug|Win32
		{C286BAA2-D78C-4433-A055-1D196022D906}.Debug|x86.Build.0 = Debug|Win32
		{C286BAA2-D78C-4433-A055-1D196022D906}.Release|ARM.ActiveCfg = Release|ARM
		{C286BAA2-D78C-4433-A055-1D196022D906}.Release|ARM.Build.0 = Release|ARM
		{C286BAA2-D78C-4433-A055-1D196022D906}.Release|ARM64.ActiveCfg = Release|ARM64
		{C286BAA2-D78C-4433-A055-1D196022D906}.Release|ARM64.Build.0 = Release|ARM64
		{C286BAA2-D78C-4433-A055-1D196022D906}.Release|x64.ActiveCfg = Release|x64
		{C286BAA2-D78C-4433-A055-1D196022D906}.Release|x64.Build.0 = Release|x64
		{C286BAA2-D78C-4433-A055-1D196022D906}.Release|x86.ActiveCfg = Release|Win32
		{C286BAA2-D78C-4433-A055-1D196022D906}.Release|x86.Build.0 = Release|Win32
		{10361300-3B2E-4AEE-B0BC-0A29865D934B}.Debug|ARM.ActiveCfg = Debug|ARM
		{10361300-3B2E-4AEE-B0BC-0A29865D934B}.Debug|ARM.Build.0 = Debug|ARM
		{10361300-3B2E-4AEE-B0BC-0A29865D934B}.Debug|ARM64.ActiveCfg = Debug|ARM64
		{10361300-3B2E-4AEE-B0BC-0A29865D934B}.Debug|ARM64.Build.0 = Debug|ARM64
		{10361300-3B2E-4AEE-B0BC-0A29865D934B}.Debug|x64.ActiveCfg = Debug|x64
		{10361300-3B2E-4AEE-B0BC-0A29865D934B}.Debug|x64.Build.0 = Debug|x64
		{10361300-3B2E-4AEE-B0BC-0A29865D934B}.Debug|x86.ActiveCfg = Debug|Win32
		{10361300-3B2E-4AEE-B0BC-0A29865D934B}.Debug|x86.Build.0 = Debug|Win32
		{10361300-3B2E-4AEE-B0BC-0A29865D934B}.Release|ARM.ActiveCfg = Release|ARM
		{10361300-3B2E-4AEE-B0BC-0A29865D934B}.Release|ARM.Build.0 = Release|ARM
		{10361300-3B2E-4AEE-B0BC-0A29865D934B}.Release|ARM64.ActiveCfg = Release|ARM64
		{10361300-3B2E-4AEE-B0BC-0A29865D934B}.Release|ARM64.Build.0 = Release|ARM64
		{10361300-3B2E-4AEE-B0BC-0A29865D934B}.Release|x64.ActiveCfg = Release|x64
		{10361300-3B2E-4AEE-B0BC-0A29865D934B}.Release|x64.Build.0 = Release|x64
		{10361300-3B2E-4AEE-B0BC-0A29865D934B}.Release|x86.ActiveCfg = Release|Win32
		{10361300-3B2E-4AEE-B0BC-0A29865D934B}.Release|x86.Build.0 = Release|Win32
		{3A824334-7B5E-4238-AB12-42DF9F17485C}.Debug|ARM.ActiveCfg = Debug|ARM
		{3A824334-7B5E-4238-AB12-42DF9F17485C}.Debug|ARM.Build.0 = Debug|ARM
		{3A824334-7B5E-4238-AB12-42DF9F17485C}.Debug|ARM64.ActiveCfg = Debug|ARM64
		{3A824334-7B5E-4238-AB12-42DF9F17485C}.Debug|ARM64.Build.0 = Debug|ARM64
		{3A824334-7B5E-4238-AB12-42DF9F17485C}.Debug|x64.ActiveCfg = Debug|x64
		{3A824334-7B5E-4238-AB12-42DF9F17485C}.Debug|x64.Build.0 = Debug|x64
		{3A824334-7B5E-4238-AB12-42DF9F17485C}.Debug|x86.ActiveCfg = Debug|Win32
		{3A824334-7B5E-4238-AB12-42DF9F17485C}.Debug|x86.Build.0 = Debug|Win32
		{3A824334-7B5E-4238-AB12-42DF9F17485C}.Release|ARM.ActiveCfg = Release|ARM
		{3A824334-7B5E-4238-AB12-42DF9F17485C}.Release|ARM.Build.0 = Release|ARM
		{3A824334-7B5E-4238-AB12-42DF9F17485C}.Release|ARM64.ActiveCfg = Release|ARM64
		{3A824334-7B5E-4238-AB12-42DF9F17485C}.Release|ARM64.Build.0 = Release|ARM64
		{3A824334-7B5E-4238-AB12-42DF9F17485C}.Release|x64.ActiveCfg = Release|x64
		{3A824334-7B5E-4238-AB12-42DF9F17485C}.Release|x64.Build.0 = Release|x64
		{3A824334-7B5E-4238-AB12-42DF9F17485C}.Release|x86.ActiveCfg = Release|Win32
		{3A824334-7B5E-4238-AB12-42DF9F17485C}.Release|x86.Build.0 = Release|Win32
		{7FAA6495-170F-46E5-9B28-28D39BA7F7E3}.Debug|ARM.ActiveCfg = Debug|x86
		{7FAA6495-170F-46E5-9B28-28D39BA7F7E3}.Debug|ARM.Build.0 = Debug|x86
		{7FAA6495-170F-46E5-9B28-28D39BA7F7E3}.Debug|ARM64.ActiveCfg = Debug|ARM64
		{7FAA6495-170F-46E5-9B28-28D39BA7F7E3}.Debug|ARM64.Build.0 = Debug|ARM64
		{7FAA6495-170F-46E5-9B28-28D39BA7F7E3}.Debug|x64.ActiveCfg = Debug|x64
		{7FAA6495-170F-46E5-9B28-28D39BA7F7E3}.Debug|x64.Build.0 = Debug|x64
		{7FAA6495-170F-46E5-9B28-28D39BA7F7E3}.Debug|x86.ActiveCfg = Debug|x86
		{7FAA6495-170F-46E5-9B28-28D39BA7F7E3}.Debug|x86.Build.0 = Debug|x86
		{7FAA6495-170F-46E5-9B28-28D39BA7F7E3}.Release|ARM.ActiveCfg = Release|x86
		{7FAA6495-170F-46E5-9B28-28D39BA7F7E3}.Release|ARM.Build.0 = Release|x86
		{7FAA6495-170F-46E5-9B28-28D39BA7F7E3}.Release|ARM64.ActiveCfg = Release|ARM64
		{7FAA6495-170F-46E5-9B28-28D39BA7F7E3}.Release|ARM64.Build.0 = Release|ARM64
		{7FAA6495-170F-46E5-9B28-28D39BA7F7E3}.Release|x64.ActiveCfg = Release|x64
		{7FAA6495-170F-46E5-9B28-28D39BA7F7E3}.Release|x64.Build.0 = Release|x64
		{7FAA6495-170F-46E5-9B28-28D39BA7F7E3}.Release|x86.ActiveCfg = Release|x86
		{7FAA6495-170F-46E5-9B28-28D39BA7F7E3}.Release|x86.Build.0 = Release|x86
		{C54C2C1A-0773-4B7E-B16A-86B284CF83F6}.Debug|ARM.ActiveCfg = Debug|x64
		{C54C2C1A-0773-4B7E-B16A-86B284CF83F6}.Debug|ARM.Build.0 = Debug|x64
		{C54C2C1A-0773-4B7E-B16A-86B284CF83F6}.Debug|ARM64.ActiveCfg = Debug|x64
		{C54C2C1A-0773-4B7E-B16A-86B284CF83F6}.Debug|ARM64.Build.0 = Debug|x64
		{C54C2C1A-0773-4B7E-B16A-86B284CF83F6}.Debug|x64.ActiveCfg = Debug|x64
		{C54C2C1A-0773-4B7E-B16A-86B284CF83F6}.Debug|x64.Build.0 = Debug|x64
		{C54C2C1A-0773-4B7E-B16A-86B284CF83F6}.Debug|x86.ActiveCfg = Debug|Win32
		{C54C2C1A-0773-4B7E-B16A-86B284CF83F6}.Debug|x86.Build.0 = Debug|Win32
		{C54C2C1A-0773-4B7E-B16A-86B284CF83F6}.Release|ARM.ActiveCfg = Release|x64
		{C54C2C1A-0773-4B7E-B16A-86B284CF83F6}.Release|ARM.Build.0 = Release|x64
		{C54C2C1A-0773-4B7E-B16A-86B284CF83F6}.Release|ARM64.ActiveCfg = Release|x64
		{C54C2C1A-0773-4B7E-B16A-86B284CF83F6}.Release|ARM64.Build.0 = Release|x64
		{C54C2C1A-0773-4B7E-B16A-86B284CF83F6}.Release|x64.ActiveCfg = Release|x64
		{C54C2C1A-0773-4B7E-B16A-86B284CF83F6}.Release|x64.Build.0 = Release|x64
		{C54C2C1A-0773-4B7E-B16A-86B284CF83F6}.Release|x86.ActiveCfg = Release|Win32
		{C54C2C1A-0773-4B7E-B16A-86B284CF83F6}.Release|x86.Build.0 = Release|Win32
	EndGlobalSection
	GlobalSection(SolutionProperties) = preSolution
		HideSolutionNode = FALSE
	EndGlobalSection
	GlobalSection(ExtensibilityGlobals) = postSolution
		SolutionGuid = {0219521A-5B44-412A-B818-EBD08215C0CC}
	EndGlobalSection
EndGlobal
