
Microsoft Visual Studio Solution File, Format Version 12.00
# Visual Studio Version 16
VisualStudioVersion = 16.0.30717.126
MinimumVisualStudioVersion = 10.0.40219.1
Project("{8BC9CEB8-8B4A-11D0-8D11-00A0C91BC942}") = "scrctl", "scrctl.vcxproj", "{61F7CC82-4324-4AEC-A890-1BA63C95A8C4}"
EndProject
Global
	GlobalSection(SolutionConfigurationPlatforms) = preSolution
		Debug|x64 = Debug|x64
		Debug|x86 = Debug|x86
		Release|x64 = Release|x64
		Release|x86 = Release|x86
	EndGlobalSection
	GlobalSection(ProjectConfigurationPlatforms) = postSolution
		{61F7CC82-4324-4AEC-A890-1BA63C95A8C4}.Debug|x64.ActiveCfg = Debug|x64
		{61F7CC82-4324-4AEC-A890-1BA63C95A8C4}.Debug|x64.Build.0 = Debug|x64
		{61F7CC82-4324-4AEC-A890-1BA63C95A8C4}.Debug|x86.ActiveCfg = Debug|Win32
		{61F7CC82-4324-4AEC-A890-1BA63C95A8C4}.Debug|x86.Build.0 = Debug|Win32
		{61F7CC82-4324-4AEC-A890-1BA63C95A8C4}.Release|x64.ActiveCfg = Release|x64
		{61F7CC82-4324-4AEC-A890-1BA63C95A8C4}.Release|x64.Build.0 = Release|x64
		{61F7CC82-4324-4AEC-A890-1BA63C95A8C4}.Release|x86.ActiveCfg = Release|Win32
		{61F7CC82-4324-4AEC-A890-1BA63C95A8C4}.Release|x86.Build.0 = Release|Win32
	EndGlobalSection
	GlobalSection(SolutionProperties) = preSolution
		HideSolutionNode = FALSE
	EndGlobalSection
	GlobalSection(ExtensibilityGlobals) = postSolution
		SolutionGuid = {FB38253C-8DF0-425A-BC31-DB4D42639F6C}
	EndGlobalSection
EndGlobal
